
Microsoft Visual Studio Solution File, Format Version 12.00
# Visual Studio Version 17
VisualStudioVersion = 17.5.002.0
MinimumVisualStudioVersion = 10.0.40219.1
Project("{9A19103F-16F7-4668-BE54-9A1E7A4F7556}") = "exercicio8", "exercicio8.csproj", "{D381DAA3-83C7-47C7-962D-8B5D9A897106}"
EndProject
Global
	GlobalSection(SolutionConfigurationPlatforms) = preSolution
		Debug|Any CPU = Debug|Any CPU
		Release|Any CPU = Release|Any CPU
	EndGlobalSection
	GlobalSection(ProjectConfigurationPlatforms) = postSolution
		{D381DAA3-83C7-47C7-962D-8B5D9A897106}.Debug|Any CPU.ActiveCfg = Debug|Any CPU
		{D381DAA3-83C7-47C7-962D-8B5D9A897106}.Debug|Any CPU.Build.0 = Debug|Any CPU
		{D381DAA3-83C7-47C7-962D-8B5D9A897106}.Release|Any CPU.ActiveCfg = Release|Any CPU
		{D381DAA3-83C7-47C7-962D-8B5D9A897106}.Release|Any CPU.Build.0 = Release|Any CPU
	EndGlobalSection
	GlobalSection(SolutionProperties) = preSolution
		HideSolutionNode = FALSE
	EndGlobalSection
	GlobalSection(ExtensibilityGlobals) = postSolution
		SolutionGuid = {A2974AFF-4994-4148-8AEE-E2BD9E0CFBEB}
	EndGlobalSection
EndGlobal
