
Microsoft Visual Studio Solution File, Format Version 12.00
# Visual Studio Version 17
VisualStudioVersion = 17.5.002.0
MinimumVisualStudioVersion = 10.0.40219.1
Project("{9A19103F-16F7-4668-BE54-9A1E7A4F7556}") = "exercicio3", "exercicio3.csproj", "{BFF054B7-D168-4FD7-8DE0-C8BF2F49244B}"
EndProject
Global
	GlobalSection(SolutionConfigurationPlatforms) = preSolution
		Debug|Any CPU = Debug|Any CPU
		Release|Any CPU = Release|Any CPU
	EndGlobalSection
	GlobalSection(ProjectConfigurationPlatforms) = postSolution
		{BFF054B7-D168-4FD7-8DE0-C8BF2F49244B}.Debug|Any CPU.ActiveCfg = Debug|Any CPU
		{BFF054B7-D168-4FD7-8DE0-C8BF2F49244B}.Debug|Any CPU.Build.0 = Debug|Any CPU
		{BFF054B7-D168-4FD7-8DE0-C8BF2F49244B}.Release|Any CPU.ActiveCfg = Release|Any CPU
		{BFF054B7-D168-4FD7-8DE0-C8BF2F49244B}.Release|Any CPU.Build.0 = Release|Any CPU
	EndGlobalSection
	GlobalSection(SolutionProperties) = preSolution
		HideSolutionNode = FALSE
	EndGlobalSection
	GlobalSection(ExtensibilityGlobals) = postSolution
		SolutionGuid = {BF30C6DF-EE6E-495D-94A3-62A8B443AD50}
	EndGlobalSection
EndGlobal
